{
  "name": "@abris/opencode-bridge",
  "version": "0.1.0",
  "lockfileVersion": 3,
  "requires": true,
  "packages": {
    "": {
      "name": "@abris/opencode-bridge",
      "version": "0.1.0",
      "dependencies": {
        "@opencode-ai/sdk": "latest",
        "opencode-ai": "latest"
      },
      "bin": {
        "abris-opencode-bridge": "dist/cli.js"
      },
      "devDependencies": {
        "@types/node": "^22.10.1",
        "typescript": "^5.6.3"
      }
    },
    "node_modules/@opencode-ai/sdk": {
      "version": "1.2.27",
      "resolved": "https://registry.npmjs.org/@opencode-ai/sdk/-/sdk-1.2.27.tgz",
      "integrity": "sha512-Wk0o/I+Fo+wE3zgvlJDs8Fb67KlKqX0PrV8dK5adSDkANq6r4Z25zXJg2iOir+a8ntg3rAcpel1OY4FV/TwRUA==",
      "license": "MIT"
    },
    "node_modules/@types/node": {
      "version": "22.19.15",
      "resolved": "https://registry.npmjs.org/@types/node/-/node-22.19.15.tgz",
      "integrity": "sha512-F0R/h2+dsy5wJAUe3tAU6oqa2qbWY5TpNfL/RGmo1y38hiyO1w3x2jPtt76wmuaJI4DQnOBu21cNXQ2STIUUWg==",
      "dev": true,
      "license": "MIT",
      "dependencies": {
        "undici-types": "~6.21.0"
      }
    },
    "node_modules/opencode-ai": {
      "version": "1.2.27",
      "resolved": "https://registry.npmjs.org/opencode-ai/-/opencode-ai-1.2.27.tgz",
      "integrity": "sha512-icCLoC52HgM89Mv+sXVtxpWmR7vXW1AjjE99koZTXG6C4/iGlTsKlxG9y9oFrGkadvpoW1qTF/Qp0xrjPOEfvg==",
      "hasInstallScript": true,
      "license": "MIT",
      "bin": {
        "opencode": "bin/opencode"
      },
      "optionalDependencies": {
        "opencode-darwin-arm64": "1.2.27",
        "opencode-darwin-x64": "1.2.27",
        "opencode-darwin-x64-baseline": "1.2.27",
        "opencode-linux-arm64": "1.2.27",
        "opencode-linux-arm64-musl": "1.2.27",
        "opencode-linux-x64": "1.2.27",
        "opencode-linux-x64-baseline": "1.2.27",
        "opencode-linux-x64-baseline-musl": "1.2.27",
        "opencode-linux-x64-musl": "1.2.27",
        "opencode-windows-arm64": "1.2.27",
        "opencode-windows-x64": "1.2.27",
        "opencode-windows-x64-baseline": "1.2.27"
      }
    },
    "node_modules/opencode-darwin-arm64": {
      "version": "1.2.27",
      "resolved": "https://registry.npmjs.org/opencode-darwin-arm64/-/opencode-darwin-arm64-1.2.27.tgz",
      "integrity": "sha512-fMDcgeECqX/klpGIw8qupGLVN/i0TQaBbMf4/pNt5r9vUP/G9mY7ihhZqux3XPUqepwqeZUhtIpegNNBRF3apw==",
      "cpu": [
        "arm64"
      ],
      "optional": true,
      "os": [
        "darwin"
      ]
    },
    "node_modules/opencode-darwin-x64": {
      "version": "1.2.27",
      "resolved": "https://registry.npmjs.org/opencode-darwin-x64/-/opencode-darwin-x64-1.2.27.tgz",
      "integrity": "sha512-ZfSHgUgpjzeeTY3lEiaKrazhtMc7AMNr3f5G5vRE4uCMXnz6YNeEgFF8K3VR4I0FcIGhv362kyjze3tk4+HCsw==",
      "cpu": [
        "x64"
      ],
      "optional": true,
      "os": [
        "darwin"
      ]
    },
    "node_modules/opencode-darwin-x64-baseline": {
      "version": "1.2.27",
      "resolved": "https://registry.npmjs.org/opencode-darwin-x64-baseline/-/opencode-darwin-x64-baseline-1.2.27.tgz",
      "integrity": "sha512-ownObbCb7tsmd6Z2MoS3CA24QRZr8Fug+BDAEelX4XXHk7XRCCv0ZzQdbJtGwTuhjYHxPhbW4xovKFK7Iw3uVw==",
      "cpu": [
        "x64"
      ],
      "optional": true,
      "os": [
        "darwin"
      ]
    },
    "node_modules/opencode-linux-arm64": {
      "version": "1.2.27",
      "resolved": "https://registry.npmjs.org/opencode-linux-arm64/-/opencode-linux-arm64-1.2.27.tgz",
      "integrity": "sha512-IqiurSCDVgiDDGmTXwDDaIDEHFTGH5lsPFNC1ClzrEAf8W7YefO6zpfUlWlFf36FPN3/4FdR8aje+0nRDu80dg==",
      "cpu": [
        "arm64"
      ],
      "optional": true,
      "os": [
        "linux"
      ]
    },
    "node_modules/opencode-linux-arm64-musl": {
      "version": "1.2.27",
      "resolved": "https://registry.npmjs.org/opencode-linux-arm64-musl/-/opencode-linux-arm64-musl-1.2.27.tgz",
      "integrity": "sha512-TuFxJyY1m1WhfqvmhdODRNkjC1TNhZ4GnAkHN7dnsSmSs6oXErWZeawo2twP2BZpK/vBejxitOj9CsAENDiqEA==",
      "cpu": [
        "arm64"
      ],
      "optional": true,
      "os": [
        "linux"
      ]
    },
    "node_modules/opencode-linux-x64": {
      "version": "1.2.27",
      "resolved": "https://registry.npmjs.org/opencode-linux-x64/-/opencode-linux-x64-1.2.27.tgz",
      "integrity": "sha512-B9xaBkgeWcPinJ0ltNXcLsRgRbGjzxytL14vsj0WYD4pSdcQMdC0T3lkvTbqFh/wyIXCgf1EYMzP7jukPwcb0Q==",
      "cpu": [
        "x64"
      ],
      "optional": true,
      "os": [
        "linux"
      ]
    },
    "node_modules/opencode-linux-x64-baseline": {
      "version": "1.2.27",
      "resolved": "https://registry.npmjs.org/opencode-linux-x64-baseline/-/opencode-linux-x64-baseline-1.2.27.tgz",
      "integrity": "sha512-8BWSFWBej689vDEjmuPV60ixH8BKcfE3DQYbGBi97O50jAhbI06mpkDzrRpULinUU2dKUijteS8b45fELANxjg==",
      "cpu": [
        "x64"
      ],
      "optional": true,
      "os": [
        "linux"
      ]
    },
    "node_modules/opencode-linux-x64-baseline-musl": {
      "version": "1.2.27",
      "resolved": "https://registry.npmjs.org/opencode-linux-x64-baseline-musl/-/opencode-linux-x64-baseline-musl-1.2.27.tgz",
      "integrity": "sha512-RWMtHTiyGc9IDwRwb2s8lMzHKW0d3k+dTi9OFUjVFln3BZWWb9cN9qu0WqxBu9VsNREISDWmgB1T6PJ1IMZ4SA==",
      "cpu": [
        "x64"
      ],
      "optional": true,
      "os": [
        "linux"
      ]
    },
    "node_modules/opencode-linux-x64-musl": {
      "version": "1.2.27",
      "resolved": "https://registry.npmjs.org/opencode-linux-x64-musl/-/opencode-linux-x64-musl-1.2.27.tgz",
      "integrity": "sha512-KrkzXV9qdpmCmOWsHCLyEo8uPOnvd7JdLNSYk57xJOUSLmoAtC0rbVQmN5kvG/Ewlc9Z3ARX4eSGnpYDM7xWbQ==",
      "cpu": [
        "x64"
      ],
      "optional": true,
      "os": [
        "linux"
      ]
    },
    "node_modules/opencode-windows-arm64": {
      "version": "1.2.27",
      "resolved": "https://registry.npmjs.org/opencode-windows-arm64/-/opencode-windows-arm64-1.2.27.tgz",
      "integrity": "sha512-QLg0zyOYE5RYLG4+f2O+moJGu67MC9KPW1H573+srrVX/IDZVuO9bGCC27EmE+v0FCRVicgrtWG+I51Da2GlQw==",
      "cpu": [
        "arm64"
      ],
      "optional": true,
      "os": [
        "win32"
      ]
    },
    "node_modules/opencode-windows-x64": {
      "version": "1.2.27",
      "resolved": "https://registry.npmjs.org/opencode-windows-x64/-/opencode-windows-x64-1.2.27.tgz",
      "integrity": "sha512-gVVltPbt0yujAEk/BAY6v/S7CLA4XmXeHcW2no6yn0yfBU/f9YLsQ8xxOKxNk03re1+jeYGFM7568pB8nzJxjw==",
      "cpu": [
        "x64"
      ],
      "optional": true,
      "os": [
        "win32"
      ]
    },
    "node_modules/opencode-windows-x64-baseline": {
      "version": "1.2.27",
      "resolved": "https://registry.npmjs.org/opencode-windows-x64-baseline/-/opencode-windows-x64-baseline-1.2.27.tgz",
      "integrity": "sha512-sxplrlmG+yYVBXnPXybPnWkUPadW8CRR21+70TEbUZ8Mt5XJuWpEAddapnZyVs9u5etkJUibo2RXvbl2aAEuVw==",
      "cpu": [
        "x64"
      ],
      "optional": true,
      "os": [
        "win32"
      ]
    },
    "node_modules/typescript": {
      "version": "5.9.3",
      "resolved": "https://registry.npmjs.org/typescript/-/typescript-5.9.3.tgz",
      "integrity": "sha512-jl1vZzPDinLr9eUt3J/t7V6FgNEw9QjvBPdysz9KfQDD41fQrC2Y4vKQdiaUpFT4bXlb1RHhLpp8wtm6M5TgSw==",
      "dev": true,
      "license": "Apache-2.0",
      "bin": {
        "tsc": "bin/tsc",
        "tsserver": "bin/tsserver"
      },
      "engines": {
        "node": ">=14.17"
      }
    },
    "node_modules/undici-types": {
      "version": "6.21.0",
      "resolved": "https://registry.npmjs.org/undici-types/-/undici-types-6.21.0.tgz",
      "integrity": "sha512-iwDZqg0QAGrg9Rav5H4n0M64c3mkR59cJ6wQp+7C4nI0gsmExaedaYLNO44eT4AtBBwjbTiGPMlt2Md0T9H9JQ==",
      "dev": true,
      "license": "MIT"
    }
  }
}
